// !$*UTF8*$!
{
	archiveVersion = 1;
	classes = {
	};
	objectVersion = 46;
	objects = {

/* Begin PBXBuildFile section */
		227CFDBFEE293F6C19508F26 /* Pods_ThoughtUserUITests.framework in Frameworks */ = {isa = PBXBuildFile; fileRef = 5B94FA9777476BD973F92AB0 /* Pods_ThoughtUserUITests.framework */; };
		4317A7671D5D777600EF58A6 /* AppDelegate.swift in Sources */ = {isa = PBXBuildFile; fileRef = 4317A7661D5D777600EF58A6 /* AppDelegate.swift */; };
		4317A7691D5D777600EF58A6 /* LoginViewController.swift in Sources */ = {isa = PBXBuildFile; fileRef = 4317A7681D5D777600EF58A6 /* LoginViewController.swift */; };
		4317A76C1D5D777600EF58A6 /* Main.storyboard in Resources */ = {isa = PBXBuildFile; fileRef = 4317A76A1D5D777600EF58A6 /* Main.storyboard */; };
		4317A7711D5D777600EF58A6 /* Assets.xcassets in Resources */ = {isa = PBXBuildFile; fileRef = 4317A7701D5D777600EF58A6 /* Assets.xcassets */; };
		4317A7741D5D777600EF58A6 /* LaunchScreen.storyboard in Resources */ = {isa = PBXBuildFile; fileRef = 4317A7721D5D777600EF58A6 /* LaunchScreen.storyboard */; };
		4317A77F1D5D777600EF58A6 /* LoginViewControllerTests.swift in Sources */ = {isa = PBXBuildFile; fileRef = 4317A77E1D5D777600EF58A6 /* LoginViewControllerTests.swift */; };
		4317A78A1D5D777600EF58A6 /* ThoughtUserUITests.swift in Sources */ = {isa = PBXBuildFile; fileRef = 4317A7891D5D777600EF58A6 /* ThoughtUserUITests.swift */; };
		43413FDC1D5E3772007D1BE7 /* User+CoreDataProperties.swift in Sources */ = {isa = PBXBuildFile; fileRef = 43413FDA1D5E3772007D1BE7 /* User+CoreDataProperties.swift */; };
		43413FDD1D5E3772007D1BE7 /* User.swift in Sources */ = {isa = PBXBuildFile; fileRef = 43413FDB1D5E3772007D1BE7 /* User.swift */; };
		43413FDF1D5E455A007D1BE7 /* DataHandler.swift in Sources */ = {isa = PBXBuildFile; fileRef = 43413FDE1D5E455A007D1BE7 /* DataHandler.swift */; };
		436398E51D60E20400AF4789 /* new-user.json in Resources */ = {isa = PBXBuildFile; fileRef = 436398E41D60E20400AF4789 /* new-user.json */; };
		436D0FDE1D5D7CEE005E2B34 /* StringsAndEnums.swift in Sources */ = {isa = PBXBuildFile; fileRef = 436D0FDD1D5D7CEE005E2B34 /* StringsAndEnums.swift */; };
		43F0B8721D5F7E3600022451 /* DataHandlerTests.swift in Sources */ = {isa = PBXBuildFile; fileRef = 43F0B8711D5F7E3600022451 /* DataHandlerTests.swift */; };
		5EAAC4D4CA098BC0752E2785 /* Pods_ThoughtUserTests.framework in Frameworks */ = {isa = PBXBuildFile; fileRef = AED634677E0EF94C5623B222 /* Pods_ThoughtUserTests.framework */; };
		91436C9A955202355D9A6FE9 /* Pods_ThoughtUser.framework in Frameworks */ = {isa = PBXBuildFile; fileRef = 73536B37C6A413B9A26833BD /* Pods_ThoughtUser.framework */; };
/* End PBXBuildFile section */

/* Begin PBXContainerItemProxy section */
		4317A77B1D5D777600EF58A6 /* PBXContainerItemProxy */ = {
			isa = PBXContainerItemProxy;
			containerPortal = 4317A75B1D5D777600EF58A6 /* Project object */;
			proxyType = 1;
			remoteGlobalIDString = 4317A7621D5D777600EF58A6;
			remoteInfo = ThoughtUser;
		};
		4317A7861D5D777600EF58A6 /* PBXContainerItemProxy */ = {
			isa = PBXContainerItemProxy;
			containerPortal = 4317A75B1D5D777600EF58A6 /* Project object */;
			proxyType = 1;
			remoteGlobalIDString = 4317A7621D5D777600EF58A6;
			remoteInfo = ThoughtUser;
		};
/* End PBXContainerItemProxy section */

/* Begin PBXFileReference section */
		13D75C1F2DFB459EB289EFD5 /* Pods-ThoughtUserTests.debug.xcconfig */ = {isa = PBXFileReference; includeInIndex = 1; lastKnownFileType = text.xcconfig; name = "Pods-ThoughtUserTests.debug.xcconfig"; path = "Pods/Target Support Files/Pods-ThoughtUserTests/Pods-ThoughtUserTests.debug.xcconfig"; sourceTree = "<group>"; };
		1C62C3F24617ADFDD3D070F2 /* Pods-ThoughtUserTests.release.xcconfig */ = {isa = PBXFileReference; includeInIndex = 1; lastKnownFileType = text.xcconfig; name = "Pods-ThoughtUserTests.release.xcconfig"; path = "Pods/Target Support Files/Pods-ThoughtUserTests/Pods-ThoughtUserTests.release.xcconfig"; sourceTree = "<group>"; };
		4317A7631D5D777600EF58A6 /* ThoughtUser.app */ = {isa = PBXFileReference; explicitFileType = wrapper.application; includeInIndex = 0; path = ThoughtUser.app; sourceTree = BUILT_PRODUCTS_DIR; };
		4317A7661D5D777600EF58A6 /* AppDelegate.swift */ = {isa = PBXFileReference; lastKnownFileType = sourcecode.swift; path = AppDelegate.swift; sourceTree = "<group>"; };
		4317A7681D5D777600EF58A6 /* LoginViewController.swift */ = {isa = PBXFileReference; lastKnownFileType = sourcecode.swift; path = LoginViewController.swift; sourceTree = "<group>"; };
		4317A76B1D5D777600EF58A6 /* Base */ = {isa = PBXFileReference; lastKnownFileType = file.storyboard; name = Base; path = Base.lproj/Main.storyboard; sourceTree = "<group>"; };
		4317A7701D5D777600EF58A6 /* Assets.xcassets */ = {isa = PBXFileReference; lastKnownFileType = folder.assetcatalog; path = Assets.xcassets; sourceTree = "<group>"; };
		4317A7731D5D777600EF58A6 /* Base */ = {isa = PBXFileReference; lastKnownFileType = file.storyboard; name = Base; path = Base.lproj/LaunchScreen.storyboard; sourceTree = "<group>"; };
		4317A7751D5D777600EF58A6 /* Info.plist */ = {isa = PBXFileReference; lastKnownFileType = text.plist.xml; path = Info.plist; sourceTree = "<group>"; };
		4317A77A1D5D777600EF58A6 /* ThoughtUserTests.xctest */ = {isa = PBXFileReference; explicitFileType = wrapper.cfbundle; includeInIndex = 0; path = ThoughtUserTests.xctest; sourceTree = BUILT_PRODUCTS_DIR; };
		4317A77E1D5D777600EF58A6 /* LoginViewControllerTests.swift */ = {isa = PBXFileReference; lastKnownFileType = sourcecode.swift; path = LoginViewControllerTests.swift; sourceTree = "<group>"; };
		4317A7801D5D777600EF58A6 /* Info.plist */ = {isa = PBXFileReference; lastKnownFileType = text.plist.xml; path = Info.plist; sourceTree = "<group>"; };
		4317A7851D5D777600EF58A6 /* ThoughtUserUITests.xctest */ = {isa = PBXFileReference; explicitFileType = wrapper.cfbundle; includeInIndex = 0; path = ThoughtUserUITests.xctest; sourceTree = BUILT_PRODUCTS_DIR; };
		4317A7891D5D777600EF58A6 /* ThoughtUserUITests.swift */ = {isa = PBXFileReference; lastKnownFileType = sourcecode.swift; path = ThoughtUserUITests.swift; sourceTree = "<group>"; };
		4317A78B1D5D777600EF58A6 /* Info.plist */ = {isa = PBXFileReference; lastKnownFileType = text.plist.xml; path = Info.plist; sourceTree = "<group>"; };
		43413FDA1D5E3772007D1BE7 /* User+CoreDataProperties.swift */ = {isa = PBXFileReference; fileEncoding = 4; lastKnownFileType = sourcecode.swift; path = "User+CoreDataProperties.swift"; sourceTree = "<group>"; };
		43413FDB1D5E3772007D1BE7 /* User.swift */ = {isa = PBXFileReference; fileEncoding = 4; lastKnownFileType = sourcecode.swift; path = User.swift; sourceTree = "<group>"; };
		43413FDE1D5E455A007D1BE7 /* DataHandler.swift */ = {isa = PBXFileReference; fileEncoding = 4; lastKnownFileType = sourcecode.swift; path = DataHandler.swift; sourceTree = "<group>"; };
		436398E41D60E20400AF4789 /* new-user.json */ = {isa = PBXFileReference; fileEncoding = 4; lastKnownFileType = text.json; path = "new-user.json"; sourceTree = "<group>"; };
		436D0FDD1D5D7CEE005E2B34 /* StringsAndEnums.swift */ = {isa = PBXFileReference; fileEncoding = 4; lastKnownFileType = sourcecode.swift; path = StringsAndEnums.swift; sourceTree = "<group>"; };
		43F0B8711D5F7E3600022451 /* DataHandlerTests.swift */ = {isa = PBXFileReference; fileEncoding = 4; lastKnownFileType = sourcecode.swift; path = DataHandlerTests.swift; sourceTree = "<group>"; };
		5B94FA9777476BD973F92AB0 /* Pods_ThoughtUserUITests.framework */ = {isa = PBXFileReference; explicitFileType = wrapper.framework; includeInIndex = 0; path = Pods_ThoughtUserUITests.framework; sourceTree = BUILT_PRODUCTS_DIR; };
		65308A4FFA6090549559B0E8 /* Pods-ThoughtUserUITests.debug.xcconfig */ = {isa = PBXFileReference; includeInIndex = 1; lastKnownFileType = text.xcconfig; name = "Pods-ThoughtUserUITests.debug.xcconfig"; path = "Pods/Target Support Files/Pods-ThoughtUserUITests/Pods-ThoughtUserUITests.debug.xcconfig"; sourceTree = "<group>"; };
		70138A6000DEE4C372A646B7 /* Pods-ThoughtUser.release.xcconfig */ = {isa = PBXFileReference; includeInIndex = 1; lastKnownFileType = text.xcconfig; name = "Pods-ThoughtUser.release.xcconfig"; path = "Pods/Target Support Files/Pods-ThoughtUser/Pods-ThoughtUser.release.xcconfig"; sourceTree = "<group>"; };
		73536B37C6A413B9A26833BD /* Pods_ThoughtUser.framework */ = {isa = PBXFileReference; explicitFileType = wrapper.framework; includeInIndex = 0; path = Pods_ThoughtUser.framework; sourceTree = BUILT_PRODUCTS_DIR; };
		AED634677E0EF94C5623B222 /* Pods_ThoughtUserTests.framework */ = {isa = PBXFileReference; explicitFileType = wrapper.framework; includeInIndex = 0; path = Pods_ThoughtUserTests.framework; sourceTree = BUILT_PRODUCTS_DIR; };
		E9070A53502BA1F80235EF16 /* Pods-ThoughtUserUITests.release.xcconfig */ = {isa = PBXFileReference; includeInIndex = 1; lastKnownFileType = text.xcconfig; name = "Pods-ThoughtUserUITests.release.xcconfig"; path = "Pods/Target Support Files/Pods-ThoughtUserUITests/Pods-ThoughtUserUITests.release.xcconfig"; sourceTree = "<group>"; };
		FEEE5DCDFE704C2547FBBC19 /* Pods-ThoughtUser.debug.xcconfig */ = {isa = PBXFileReference; includeInIndex = 1; lastKnownFileType = text.xcconfig; name = "Pods-ThoughtUser.debug.xcconfig"; path = "Pods/Target Support Files/Pods-ThoughtUser/Pods-ThoughtUser.debug.xcconfig"; sourceTree = "<group>"; };
/* End PBXFileReference section */

/* Begin PBXFrameworksBuildPhase section */
		4317A7601D5D777600EF58A6 /* Frameworks */ = {
			isa = PBXFrameworksBuildPhase;
			buildActionMask = 2147483647;
			files = (
				91436C9A955202355D9A6FE9 /* Pods_ThoughtUser.framework in Frameworks */,
			);
			runOnlyForDeploymentPostprocessing = 0;
		};
		4317A7771D5D777600EF58A6 /* Frameworks */ = {
			isa = PBXFrameworksBuildPhase;
			buildActionMask = 2147483647;
			files = (
				5EAAC4D4CA098BC0752E2785 /* Pods_ThoughtUserTests.framework in Frameworks */,
			);
			runOnlyForDeploymentPostprocessing = 0;
		};
		4317A7821D5D777600EF58A6 /* Frameworks */ = {
			isa = PBXFrameworksBuildPhase;
			buildActionMask = 2147483647;
			files = (
				227CFDBFEE293F6C19508F26 /* Pods_ThoughtUserUITests.framework in Frameworks */,
			);
			runOnlyForDeploymentPostprocessing = 0;
		};
/* End PBXFrameworksBuildPhase section */

/* Begin PBXGroup section */
		41B551936FFDFBF990C7658C /* Pods */ = {
			isa = PBXGroup;
			children = (
				FEEE5DCDFE704C2547FBBC19 /* Pods-ThoughtUser.debug.xcconfig */,
				70138A6000DEE4C372A646B7 /* Pods-ThoughtUser.release.xcconfig */,
				13D75C1F2DFB459EB289EFD5 /* Pods-ThoughtUserTests.debug.xcconfig */,
				1C62C3F24617ADFDD3D070F2 /* Pods-ThoughtUserTests.release.xcconfig */,
				65308A4FFA6090549559B0E8 /* Pods-ThoughtUserUITests.debug.xcconfig */,
				E9070A53502BA1F80235EF16 /* Pods-ThoughtUserUITests.release.xcconfig */,
			);
			name = Pods;
			sourceTree = "<group>";
		};
		4317A75A1D5D777600EF58A6 = {
			isa = PBXGroup;
			children = (
				4317A7651D5D777600EF58A6 /* ThoughtUser */,
				4317A77D1D5D777600EF58A6 /* ThoughtUserTests */,
				4317A7881D5D777600EF58A6 /* ThoughtUserUITests */,
				4317A7641D5D777600EF58A6 /* Products */,
				41B551936FFDFBF990C7658C /* Pods */,
				7873E08CC78311A17DD9BB01 /* Frameworks */,
			);
			sourceTree = "<group>";
		};
		4317A7641D5D777600EF58A6 /* Products */ = {
			isa = PBXGroup;
			children = (
				4317A7631D5D777600EF58A6 /* ThoughtUser.app */,
				4317A77A1D5D777600EF58A6 /* ThoughtUserTests.xctest */,
				4317A7851D5D777600EF58A6 /* ThoughtUserUITests.xctest */,
			);
			name = Products;
			sourceTree = "<group>";
		};
		4317A7651D5D777600EF58A6 /* ThoughtUser */ = {
			isa = PBXGroup;
			children = (
				436398E21D60DE1300AF4789 /* api */,
				436D0FDA1D5D7A30005E2B34 /* Controller */,
				436D0FD91D5D7A2C005E2B34 /* View */,
				436D0FD81D5D7A28005E2B34 /* Model */,
				436D0FDF1D5D7EE7005E2B34 /* Resources */,
			);
			path = ThoughtUser;
			sourceTree = "<group>";
		};
		4317A77D1D5D777600EF58A6 /* ThoughtUserTests */ = {
			isa = PBXGroup;
			children = (
				4317A77E1D5D777600EF58A6 /* LoginViewControllerTests.swift */,
				43F0B8711D5F7E3600022451 /* DataHandlerTests.swift */,
				4317A7801D5D777600EF58A6 /* Info.plist */,
			);
			path = ThoughtUserTests;
			sourceTree = "<group>";
		};
		4317A7881D5D777600EF58A6 /* ThoughtUserUITests */ = {
			isa = PBXGroup;
			children = (
				4317A7891D5D777600EF58A6 /* ThoughtUserUITests.swift */,
				4317A78B1D5D777600EF58A6 /* Info.plist */,
			);
			path = ThoughtUserUITests;
			sourceTree = "<group>";
		};
		436398E21D60DE1300AF4789 /* api */ = {
			isa = PBXGroup;
			children = (
				436398E31D60DE2500AF4789 /* 1 */,
			);
			name = api;
			sourceTree = "<group>";
		};
		436398E31D60DE2500AF4789 /* 1 */ = {
			isa = PBXGroup;
			children = (
				436398E41D60E20400AF4789 /* new-user.json */,
			);
			name = 1;
			sourceTree = "<group>";
		};
		436D0FD81D5D7A28005E2B34 /* Model */ = {
			isa = PBXGroup;
			children = (
				43413FDE1D5E455A007D1BE7 /* DataHandler.swift */,
				43413FDA1D5E3772007D1BE7 /* User+CoreDataProperties.swift */,
				43413FDB1D5E3772007D1BE7 /* User.swift */,
				436D0FDD1D5D7CEE005E2B34 /* StringsAndEnums.swift */,
			);
			name = Model;
			sourceTree = "<group>";
		};
		436D0FD91D5D7A2C005E2B34 /* View */ = {
			isa = PBXGroup;
			children = (
				4317A76A1D5D777600EF58A6 /* Main.storyboard */,
				4317A7721D5D777600EF58A6 /* LaunchScreen.storyboard */,
			);
			name = View;
			sourceTree = "<group>";
		};
		436D0FDA1D5D7A30005E2B34 /* Controller */ = {
			isa = PBXGroup;
			children = (
				4317A7681D5D777600EF58A6 /* LoginViewController.swift */,
			);
			name = Controller;
			sourceTree = "<group>";
		};
		436D0FDF1D5D7EE7005E2B34 /* Resources */ = {
			isa = PBXGroup;
			children = (
				4317A7661D5D777600EF58A6 /* AppDelegate.swift */,
				4317A7701D5D777600EF58A6 /* Assets.xcassets */,
				4317A7751D5D777600EF58A6 /* Info.plist */,
			);
			name = Resources;
			sourceTree = "<group>";
		};
		7873E08CC78311A17DD9BB01 /* Frameworks */ = {
			isa = PBXGroup;
			children = (
				73536B37C6A413B9A26833BD /* Pods_ThoughtUser.framework */,
				AED634677E0EF94C5623B222 /* Pods_ThoughtUserTests.framework */,
				5B94FA9777476BD973F92AB0 /* Pods_ThoughtUserUITests.framework */,
			);
			name = Frameworks;
			sourceTree = "<group>";
		};
/* End PBXGroup section */

/* Begin PBXNativeTarget section */
		4317A7621D5D777600EF58A6 /* ThoughtUser */ = {
			isa = PBXNativeTarget;
			buildConfigurationList = 4317A78E1D5D777600EF58A6 /* Build configuration list for PBXNativeTarget "ThoughtUser" */;
			buildPhases = (
				09F43AAED4995FFCF077C912 /* [CP] Check Pods Manifest.lock */,
				4317A75F1D5D777600EF58A6 /* Sources */,
				4317A7601D5D777600EF58A6 /* Frameworks */,
				4317A7611D5D777600EF58A6 /* Resources */,
				C2882DDB5D981FCE400720EC /* [CP] Embed Pods Frameworks */,
				86EF9B590DDAE2DC7898BCEA /* [CP] Copy Pods Resources */,
			);
			buildRules = (
			);
			dependencies = (
			);
			name = ThoughtUser;
			productName = ThoughtUser;
			productReference = 4317A7631D5D777600EF58A6 /* ThoughtUser.app */;
			productType = "com.apple.product-type.application";
		};
		4317A7791D5D777600EF58A6 /* ThoughtUserTests */ = {
			isa = PBXNativeTarget;
			buildConfigurationList = 4317A7911D5D777600EF58A6 /* Build configuration list for PBXNativeTarget "ThoughtUserTests" */;
			buildPhases = (
				9FDABA0D444FE36E02343816 /* [CP] Check Pods Manifest.lock */,
				4317A7761D5D777600EF58A6 /* Sources */,
				4317A7771D5D777600EF58A6 /* Frameworks */,
				4317A7781D5D777600EF58A6 /* Resources */,
				3FF221805920ADA1A90EE7CC /* [CP] Embed Pods Frameworks */,
				664F313A2E6947B519EBE401 /* [CP] Copy Pods Resources */,
			);
			buildRules = (
			);
			dependencies = (
				4317A77C1D5D777600EF58A6 /* PBXTargetDependency */,
			);
			name = ThoughtUserTests;
			productName = ThoughtUserTests;
			productReference = 4317A77A1D5D777600EF58A6 /* ThoughtUserTests.xctest */;
			productType = "com.apple.product-type.bundle.unit-test";
		};
		4317A7841D5D777600EF58A6 /* ThoughtUserUITests */ = {
			isa = PBXNativeTarget;
			buildConfigurationList = 4317A7941D5D777600EF58A6 /* Build configuration list for PBXNativeTarget "ThoughtUserUITests" */;
			buildPhases = (
				D0343157C1D4785269170047 /* [CP] Check Pods Manifest.lock */,
				4317A7811D5D777600EF58A6 /* Sources */,
				4317A7821D5D777600EF58A6 /* Frameworks */,
				4317A7831D5D777600EF58A6 /* Resources */,
				D5A1361619EC51A2CBA58B0B /* [CP] Copy Pods Resources */,
			);
			buildRules = (
			);
			dependencies = (
				4317A7871D5D777600EF58A6 /* PBXTargetDependency */,
			);
			name = ThoughtUserUITests;
			productName = ThoughtUserUITests;
			productReference = 4317A7851D5D777600EF58A6 /* ThoughtUserUITests.xctest */;
			productType = "com.apple.product-type.bundle.ui-testing";
		};
/* End PBXNativeTarget section */

/* Begin PBXProject section */
		4317A75B1D5D777600EF58A6 /* Project object */ = {
			isa = PBXProject;
			attributes = {
				LastSwiftUpdateCheck = 0730;
				LastUpgradeCheck = 0730;
				ORGANIZATIONNAME = floydhillcode;
				TargetAttributes = {
					4317A7621D5D777600EF58A6 = {
						CreatedOnToolsVersion = 7.3;
					};
					4317A7791D5D777600EF58A6 = {
						CreatedOnToolsVersion = 7.3;
						TestTargetID = 4317A7621D5D777600EF58A6;
					};
					4317A7841D5D777600EF58A6 = {
						CreatedOnToolsVersion = 7.3;
						TestTargetID = 4317A7621D5D777600EF58A6;
					};
				};
			};
			buildConfigurationList = 4317A75E1D5D777600EF58A6 /* Build configuration list for PBXProject "ThoughtUser" */;
			compatibilityVersion = "Xcode 3.2";
			developmentRegion = English;
			hasScannedForEncodings = 0;
			knownRegions = (
				en,
				Base,
			);
			mainGroup = 4317A75A1D5D777600EF58A6;
			productRefGroup = 4317A7641D5D777600EF58A6 /* Products */;
			projectDirPath = "";
			projectRoot = "";
			targets = (
				4317A7621D5D777600EF58A6 /* ThoughtUser */,
				4317A7791D5D777600EF58A6 /* ThoughtUserTests */,
				4317A7841D5D777600EF58A6 /* ThoughtUserUITests */,
			);
		};
/* End PBXProject section */

/* Begin PBXResourcesBuildPhase section */
		4317A7611D5D777600EF58A6 /* Resources */ = {
			isa = PBXResourcesBuildPhase;
			buildActionMask = 2147483647;
			files = (
				4317A7741D5D777600EF58A6 /* LaunchScreen.storyboard in Resources */,
				4317A7711D5D777600EF58A6 /* Assets.xcassets in Resources */,
				4317A76C1D5D777600EF58A6 /* Main.storyboard in Resources */,
				436398E51D60E20400AF4789 /* new-user.json in Resources */,
			);
			runOnlyForDeploymentPostprocessing = 0;
		};
		4317A7781D5D777600EF58A6 /* Resources */ = {
			isa = PBXResourcesBuildPhase;
			buildActionMask = 2147483647;
			files = (
			);
			runOnlyForDeploymentPostprocessing = 0;
		};
		4317A7831D5D777600EF58A6 /* Resources */ = {
			isa = PBXResourcesBuildPhase;
			buildActionMask = 2147483647;
			files = (
			);
			runOnlyForDeploymentPostprocessing = 0;
		};
/* End PBXResourcesBuildPhase section */

/* Begin PBXShellScriptBuildPhase section */
		09F43AAED4995FFCF077C912 /* [CP] Check Pods Manifest.lock */ = {
			isa = PBXShellScriptBuildPhase;
			buildActionMask = 2147483647;
			files = (
			);
			inputPaths = (
			);
			name = "[CP] Check Pods Manifest.lock";
			outputPaths = (
			);
			runOnlyForDeploymentPostprocessing = 0;
			shellPath = /bin/sh;
			shellScript = "diff \"${PODS_ROOT}/../Podfile.lock\" \"${PODS_ROOT}/Manifest.lock\" > /dev/null\nif [[ $? != 0 ]] ; then\n    cat << EOM\nerror: The sandbox is not in sync with the Podfile.lock. Run 'pod install' or update your CocoaPods installation.\nEOM\n    exit 1\nfi\n";
			showEnvVarsInLog = 0;
		};
		3FF221805920ADA1A90EE7CC /* [CP] Embed Pods Frameworks */ = {
			isa = PBXShellScriptBuildPhase;
			buildActionMask = 2147483647;
			files = (
			);
			inputPaths = (
			);
			name = "[CP] Embed Pods Frameworks";
			outputPaths = (
			);
			runOnlyForDeploymentPostprocessing = 0;
			shellPath = /bin/sh;
			shellScript = "\"${SRCROOT}/Pods/Target Support Files/Pods-ThoughtUserTests/Pods-ThoughtUserTests-frameworks.sh\"\n";
			showEnvVarsInLog = 0;
		};
		664F313A2E6947B519EBE401 /* [CP] Copy Pods Resources */ = {
			isa = PBXShellScriptBuildPhase;
			buildActionMask = 2147483647;
			files = (
			);
			inputPaths = (
			);
			name = "[CP] Copy Pods Resources";
			outputPaths = (
			);
			runOnlyForDeploymentPostprocessing = 0;
			shellPath = /bin/sh;
			shellScript = "\"${SRCROOT}/Pods/Target Support Files/Pods-ThoughtUserTests/Pods-ThoughtUserTests-resources.sh\"\n";
			showEnvVarsInLog = 0;
		};
		86EF9B590DDAE2DC7898BCEA /* [CP] Copy Pods Resources */ = {
			isa = PBXShellScriptBuildPhase;
			buildActionMask = 2147483647;
			files = (
			);
			inputPaths = (
			);
			name = "[CP] Copy Pods Resources";
			outputPaths = (
			);
			runOnlyForDeploymentPostprocessing = 0;
			shellPath = /bin/sh;
			shellScript = "\"${SRCROOT}/Pods/Target Support Files/Pods-ThoughtUser/Pods-ThoughtUser-resources.sh\"\n";
			showEnvVarsInLog = 0;
		};
		9FDABA0D444FE36E02343816 /* [CP] Check Pods Manifest.lock */ = {
			isa = PBXShellScriptBuildPhase;
			buildActionMask = 2147483647;
			files = (
			);
			inputPaths = (
			);
			name = "[CP] Check Pods Manifest.lock";
			outputPaths = (
			);
			runOnlyForDeploymentPostprocessing = 0;
			shellPath = /bin/sh;
			shellScript = "diff \"${PODS_ROOT}/../Podfile.lock\" \"${PODS_ROOT}/Manifest.lock\" > /dev/null\nif [[ $? != 0 ]] ; then\n    cat << EOM\nerror: The sandbox is not in sync with the Podfile.lock. Run 'pod install' or update your CocoaPods installation.\nEOM\n    exit 1\nfi\n";
			showEnvVarsInLog = 0;
		};
		C2882DDB5D981FCE400720EC /* [CP] Embed Pods Frameworks */ = {
			isa = PBXShellScriptBuildPhase;
			buildActionMask = 2147483647;
			files = (
			);
			inputPaths = (
			);
			name = "[CP] Embed Pods Frameworks";
			outputPaths = (
			);
			runOnlyForDeploymentPostprocessing = 0;
			shellPath = /bin/sh;
			shellScript = "\"${SRCROOT}/Pods/Target Support Files/Pods-ThoughtUser/Pods-ThoughtUser-frameworks.sh\"\n";
			showEnvVarsInLog = 0;
		};
		D0343157C1D4785269170047 /* [CP] Check Pods Manifest.lock */ = {
			isa = PBXShellScriptBuildPhase;
			buildActionMask = 2147483647;
			files = (
			);
			inputPaths = (
			);
			name = "[CP] Check Pods Manifest.lock";
			outputPaths = (
			);
			runOnlyForDeploymentPostprocessing = 0;
			shellPath = /bin/sh;
			shellScript = "diff \"${PODS_ROOT}/../Podfile.lock\" \"${PODS_ROOT}/Manifest.lock\" > /dev/null\nif [[ $? != 0 ]] ; then\n    cat << EOM\nerror: The sandbox is not in sync with the Podfile.lock. Run 'pod install' or update your CocoaPods installation.\nEOM\n    exit 1\nfi\n";
			showEnvVarsInLog = 0;
		};
		D5A1361619EC51A2CBA58B0B /* [CP] Copy Pods Resources */ = {
			isa = PBXShellScriptBuildPhase;
			buildActionMask = 2147483647;
			files = (
			);
			inputPaths = (
			);
			name = "[CP] Copy Pods Resources";
			outputPaths = (
			);
			runOnlyForDeploymentPostprocessing = 0;
			shellPath = /bin/sh;
			shellScript = "\"${SRCROOT}/Pods/Target Support Files/Pods-ThoughtUserUITests/Pods-ThoughtUserUITests-resources.sh\"\n";
			showEnvVarsInLog = 0;
		};
/* End PBXShellScriptBuildPhase section */

/* Begin PBXSourcesBuildPhase section */
		4317A75F1D5D777600EF58A6 /* Sources */ = {
			isa = PBXSourcesBuildPhase;
			buildActionMask = 2147483647;
			files = (
				4317A7691D5D777600EF58A6 /* LoginViewController.swift in Sources */,
				4317A7671D5D777600EF58A6 /* AppDelegate.swift in Sources */,
				43413FDC1D5E3772007D1BE7 /* User+CoreDataProperties.swift in Sources */,
				43413FDF1D5E455A007D1BE7 /* DataHandler.swift in Sources */,
				436D0FDE1D5D7CEE005E2B34 /* StringsAndEnums.swift in Sources */,
				43413FDD1D5E3772007D1BE7 /* User.swift in Sources */,
			);
			runOnlyForDeploymentPostprocessing = 0;
		};
		4317A7761D5D777600EF58A6 /* Sources */ = {
			isa = PBXSourcesBuildPhase;
			buildActionMask = 2147483647;
			files = (
				43F0B8721D5F7E3600022451 /* DataHandlerTests.swift in Sources */,
				4317A77F1D5D777600EF58A6 /* LoginViewControllerTests.swift in Sources */,
			);
			runOnlyForDeploymentPostprocessing = 0;
		};
		4317A7811D5D777600EF58A6 /* Sources */ = {
			isa = PBXSourcesBuildPhase;
			buildActionMask = 2147483647;
			files = (
				4317A78A1D5D777600EF58A6 /* ThoughtUserUITests.swift in Sources */,
			);
			runOnlyForDeploymentPostprocessing = 0;
		};
/* End PBXSourcesBuildPhase section */

/* Begin PBXTargetDependency section */
		4317A77C1D5D777600EF58A6 /* PBXTargetDependency */ = {
			isa = PBXTargetDependency;
			target = 4317A7621D5D777600EF58A6 /* ThoughtUser */;
			targetProxy = 4317A77B1D5D777600EF58A6 /* PBXContainerItemProxy */;
		};
		4317A7871D5D777600EF58A6 /* PBXTargetDependency */ = {
			isa = PBXTargetDependency;
			target = 4317A7621D5D777600EF58A6 /* ThoughtUser */;
			targetProxy = 4317A7861D5D777600EF58A6 /* PBXContainerItemProxy */;
		};
/* End PBXTargetDependency section */

/* Begin PBXVariantGroup section */
		4317A76A1D5D777600EF58A6 /* Main.storyboard */ = {
			isa = PBXVariantGroup;
			children = (
				4317A76B1D5D777600EF58A6 /* Base */,
			);
			name = Main.storyboard;
			sourceTree = "<group>";
		};
		4317A7721D5D777600EF58A6 /* LaunchScreen.storyboard */ = {
			isa = PBXVariantGroup;
			children = (
				4317A7731D5D777600EF58A6 /* Base */,
			);
			name = LaunchScreen.storyboard;
			sourceTree = "<group>";
		};
/* End PBXVariantGroup section */

/* Begin XCBuildConfiguration section */
		4317A78C1D5D777600EF58A6 /* Debug */ = {
			isa = XCBuildConfiguration;
			buildSettings = {
				ALWAYS_SEARCH_USER_PATHS = NO;
				CLANG_ANALYZER_NONNULL = YES;
				CLANG_CXX_LANGUAGE_STANDARD = "gnu++0x";
				CLANG_CXX_LIBRARY = "libc++";
				CLANG_ENABLE_MODULES = YES;
				CLANG_ENABLE_OBJC_ARC = YES;
				CLANG_WARN_BOOL_CONVERSION = YES;
				CLANG_WARN_CONSTANT_CONVERSION = YES;
				CLANG_WARN_DIRECT_OBJC_ISA_USAGE = YES_ERROR;
				CLANG_WARN_EMPTY_BODY = YES;
				CLANG_WARN_ENUM_CONVERSION = YES;
				CLANG_WARN_INT_CONVERSION = YES;
				CLANG_WARN_OBJC_ROOT_CLASS = YES_ERROR;
				CLANG_WARN_UNREACHABLE_CODE = YES;
				CLANG_WARN__DUPLICATE_METHOD_MATCH = YES;
				"CODE_SIGN_IDENTITY[sdk=iphoneos*]" = "iPhone Developer";
				COPY_PHASE_STRIP = NO;
				DEBUG_INFORMATION_FORMAT = dwarf;
				ENABLE_STRICT_OBJC_MSGSEND = YES;
				ENABLE_TESTABILITY = YES;
				GCC_C_LANGUAGE_STANDARD = gnu99;
				GCC_DYNAMIC_NO_PIC = NO;
				GCC_NO_COMMON_BLOCKS = YES;
				GCC_OPTIMIZATION_LEVEL = 0;
				GCC_PREPROCESSOR_DEFINITIONS = (
					"DEBUG=1",
					"$(inherited)",
				);
				GCC_WARN_64_TO_32_BIT_CONVERSION = YES;
				GCC_WARN_ABOUT_RETURN_TYPE = YES_ERROR;
				GCC_WARN_UNDECLARED_SELECTOR = YES;
				GCC_WARN_UNINITIALIZED_AUTOS = YES_AGGRESSIVE;
				GCC_WARN_UNUSED_FUNCTION = YES;
				GCC_WARN_UNUSED_VARIABLE = YES;
				IPHONEOS_DEPLOYMENT_TARGET = 9.3;
				MTL_ENABLE_DEBUG_INFO = YES;
				ONLY_ACTIVE_ARCH = YES;
				SDKROOT = iphoneos;
				SWIFT_OPTIMIZATION_LEVEL = "-Onone";
				TARGETED_DEVICE_FAMILY = "1,2";
			};
			name = Debug;
		};
		4317A78D1D5D777600EF58A6 /* Release */ = {
			isa = XCBuildConfiguration;
			buildSettings = {
				ALWAYS_SEARCH_USER_PATHS = NO;
				CLANG_ANALYZER_NONNULL = YES;
				CLANG_CXX_LANGUAGE_STANDARD = "gnu++0x";
				CLANG_CXX_LIBRARY = "libc++";
				CLANG_ENABLE_MODULES = YES;
				CLANG_ENABLE_OBJC_ARC = YES;
				CLANG_WARN_BOOL_CONVERSION = YES;
				CLANG_WARN_CONSTANT_CONVERSION = YES;
				CLANG_WARN_DIRECT_OBJC_ISA_USAGE = YES_ERROR;
				CLANG_WARN_EMPTY_BODY = YES;
				CLANG_WARN_ENUM_CONVERSION = YES;
				CLANG_WARN_INT_CONVERSION = YES;
				CLANG_WARN_OBJC_ROOT_CLASS = YES_ERROR;
				CLANG_WARN_UNREACHABLE_CODE = YES;
				CLANG_WARN__DUPLICATE_METHOD_MATCH = YES;
				"CODE_SIGN_IDENTITY[sdk=iphoneos*]" = "iPhone Developer";
				COPY_PHASE_STRIP = NO;
				DEBUG_INFORMATION_FORMAT = "dwarf-with-dsym";
				ENABLE_NS_ASSERTIONS = NO;
				ENABLE_STRICT_OBJC_MSGSEND = YES;
				GCC_C_LANGUAGE_STANDARD = gnu99;
				GCC_NO_COMMON_BLOCKS = YES;
				GCC_WARN_64_TO_32_BIT_CONVERSION = YES;
				GCC_WARN_ABOUT_RETURN_TYPE = YES_ERROR;
				GCC_WARN_UNDECLARED_SELECTOR = YES;
				GCC_WARN_UNINITIALIZED_AUTOS = YES_AGGRESSIVE;
				GCC_WARN_UNUSED_FUNCTION = YES;
				GCC_WARN_UNUSED_VARIABLE = YES;
				IPHONEOS_DEPLOYMENT_TARGET = 9.3;
				MTL_ENABLE_DEBUG_INFO = NO;
				SDKROOT = iphoneos;
				TARGETED_DEVICE_FAMILY = "1,2";
				VALIDATE_PRODUCT = YES;
			};
			name = Release;
		};
		4317A78F1D5D777600EF58A6 /* Debug */ = {
			isa = XCBuildConfiguration;
			baseConfigurationReference = FEEE5DCDFE704C2547FBBC19 /* Pods-ThoughtUser.debug.xcconfig */;
			buildSettings = {
				ASSETCATALOG_COMPILER_APPICON_NAME = AppIcon;
				INFOPLIST_FILE = ThoughtUser/Info.plist;
				LD_RUNPATH_SEARCH_PATHS = "$(inherited) @executable_path/Frameworks";
				PRODUCT_BUNDLE_IDENTIFIER = com.floydhillcode.ThoughtUser;
				PRODUCT_NAME = "$(TARGET_NAME)";
			};
			name = Debug;
		};
		4317A7901D5D777600EF58A6 /* Release */ = {
			isa = XCBuildConfiguration;
			baseConfigurationReference = 70138A6000DEE4C372A646B7 /* Pods-ThoughtUser.release.xcconfig */;
			buildSettings = {
				ASSETCATALOG_COMPILER_APPICON_NAME = AppIcon;
				INFOPLIST_FILE = ThoughtUser/Info.plist;
				LD_RUNPATH_SEARCH_PATHS = "$(inherited) @executable_path/Frameworks";
				PRODUCT_BUNDLE_IDENTIFIER = com.floydhillcode.ThoughtUser;
				PRODUCT_NAME = "$(TARGET_NAME)";
			};
			name = Release;
		};
		4317A7921D5D777600EF58A6 /* Debug */ = {
			isa = XCBuildConfiguration;
			baseConfigurationReference = 13D75C1F2DFB459EB289EFD5 /* Pods-ThoughtUserTests.debug.xcconfig */;
			buildSettings = {
				BUNDLE_LOADER = "$(TEST_HOST)";
				INFOPLIST_FILE = ThoughtUserTests/Info.plist;
				LD_RUNPATH_SEARCH_PATHS = "$(inherited) @executable_path/Frameworks @loader_path/Frameworks";
				PRODUCT_BUNDLE_IDENTIFIER = com.floydhillcode.ThoughtUserTests;
				PRODUCT_NAME = "$(TARGET_NAME)";
				TEST_HOST = "$(BUILT_PRODUCTS_DIR)/ThoughtUser.app/ThoughtUser";
			};
			name = Debug;
		};
		4317A7931D5D777600EF58A6 /* Release */ = {
			isa = XCBuildConfiguration;
			baseConfigurationReference = 1C62C3F24617ADFDD3D070F2 /* Pods-ThoughtUserTests.release.xcconfig */;
			buildSettings = {
				BUNDLE_LOADER = "$(TEST_HOST)";
				INFOPLIST_FILE = ThoughtUserTests/Info.plist;
				LD_RUNPATH_SEARCH_PATHS = "$(inherited) @executable_path/Frameworks @loader_path/Frameworks";
				PRODUCT_BUNDLE_IDENTIFIER = com.floydhillcode.ThoughtUserTests;
				PRODUCT_NAME = "$(TARGET_NAME)";
				TEST_HOST = "$(BUILT_PRODUCTS_DIR)/ThoughtUser.app/ThoughtUser";
			};
			name = Release;
		};
		4317A7951D5D777600EF58A6 /* Debug */ = {
			isa = XCBuildConfiguration;
			baseConfigurationReference = 65308A4FFA6090549559B0E8 /* Pods-ThoughtUserUITests.debug.xcconfig */;
			buildSettings = {
				INFOPLIST_FILE = ThoughtUserUITests/Info.plist;
				LD_RUNPATH_SEARCH_PATHS = "$(inherited) @executable_path/Frameworks @loader_path/Frameworks";
				PRODUCT_BUNDLE_IDENTIFIER = com.floydhillcode.ThoughtUserUITests;
				PRODUCT_NAME = "$(TARGET_NAME)";
				TEST_TARGET_NAME = ThoughtUser;
			};
			name = Debug;
		};
		4317A7961D5D777600EF58A6 /* Release */ = {
			isa = XCBuildConfiguration;
			baseConfigurationReference = E9070A53502BA1F80235EF16 /* Pods-ThoughtUserUITests.release.xcconfig */;
			buildSettings = {
				INFOPLIST_FILE = ThoughtUserUITests/Info.plist;
				LD_RUNPATH_SEARCH_PATHS = "$(inherited) @executable_path/Frameworks @loader_path/Frameworks";
				PRODUCT_BUNDLE_IDENTIFIER = com.floydhillcode.ThoughtUserUITests;
				PRODUCT_NAME = "$(TARGET_NAME)";
				TEST_TARGET_NAME = ThoughtUser;
			};
			name = Release;
		};
/* End XCBuildConfiguration section */

/* Begin XCConfigurationList section */
		4317A75E1D5D777600EF58A6 /* Build configuration list for PBXProject "ThoughtUser" */ = {
			isa = XCConfigurationList;
			buildConfigurations = (
				4317A78C1D5D777600EF58A6 /* Debug */,
				4317A78D1D5D777600EF58A6 /* Release */,
			);
			defaultConfigurationIsVisible = 0;
			defaultConfigurationName = Release;
		};
		4317A78E1D5D777600EF58A6 /* Build configuration list for PBXNativeTarget "ThoughtUser" */ = {
			isa = XCConfigurationList;
			buildConfigurations = (
				4317A78F1D5D777600EF58A6 /* Debug */,
				4317A7901D5D777600EF58A6 /* Release */,
			);
			defaultConfigurationIsVisible = 0;
			defaultConfigurationName = Release;
		};
		4317A7911D5D777600EF58A6 /* Build configuration list for PBXNativeTarget "ThoughtUserTests" */ = {
			isa = XCConfigurationList;
			buildConfigurations = (
				4317A7921D5D777600EF58A6 /* Debug */,
				4317A7931D5D777600EF58A6 /* Release */,
			);
			defaultConfigurationIsVisible = 0;
			defaultConfigurationName = Release;
		};
		4317A7941D5D777600EF58A6 /* Build configuration list for PBXNativeTarget "ThoughtUserUITests" */ = {
			isa = XCConfigurationList;
			buildConfigurations = (
				4317A7951D5D777600EF58A6 /* Debug */,
				4317A7961D5D777600EF58A6 /* Release */,
			);
			defaultConfigurationIsVisible = 0;
			defaultConfigurationName = Release;
		};
/* End XCConfigurationList section */
	};
	rootObject = 4317A75B1D5D777600EF58A6 /* Project object */;
}
